Microsoft Visual Studio Solution File, Format Version 12.00
# Visual Studio Version 17
VisualStudioVersion = 17.5.2.0
MinimumVisualStudioVersion = 10.0.40219.1
Project("{FAE04EC0-301F-11D3-BF4B-00C04F79EFBC}") = "DSCollarTests", "test_harness\DSCollarTests.csproj", "{56F1D515-E797-2E41-4D49-952829C298A8}"
EndProject
Project("{FAE04EC0-301F-11D3-BF4B-00C04F79EFBC}") = "LSLTestHarness", "test_harness\LSLTestHarness.csproj", "{C63746C8-113A-1C16-D9C7-057CEB238537}"
EndProject
Project("{2150E333-8FDC-42A3-9474-1A3956D46DE8}") = "test_harness", "test_harness", "{EBC02379-7A1A-E1F9-E384-7C4A4B5C6A04}"
EndProject
Project("{2150E333-8FDC-42A3-9474-1A3956D46DE8}") = "opensim_source", "opensim_source", "{95A485FE-3B6F-63F3-D394-DFB32DC7D7BA}"
EndProject
Project("{2150E333-8FDC-42A3-9474-1A3956D46DE8}") = "Prebuild", "Prebuild", "{AA85E120-D7BD-417A-7DDA-50B0E9DDDBF9}"
EndProject
Project("{FAE04EC0-301F-11D3-BF4B-00C04F79EFBC}") = "Prebuild", "test_harness\opensim_source\Prebuild\src\Prebuild.csproj", "{B0E3FE09-7AC6-BFF5-5BBE-F8B556E24B9D}"
EndProject
Global
	GlobalSection(SolutionConfigurationPlatforms) = preSolution
		Debug|Any CPU = Debug|Any CPU
		Release|Any CPU = Release|Any CPU
	EndGlobalSection
	GlobalSection(ProjectConfigurationPlatforms) = postSolution
		{56F1D515-E797-2E41-4D49-952829C298A8}.Debug|Any CPU.ActiveCfg = Debug|Any CPU
		{56F1D515-E797-2E41-4D49-952829C298A8}.Debug|Any CPU.Build.0 = Debug|Any CPU
		{56F1D515-E797-2E41-4D49-952829C298A8}.Release|Any CPU.ActiveCfg = Release|Any CPU
		{56F1D515-E797-2E41-4D49-952829C298A8}.Release|Any CPU.Build.0 = Release|Any CPU
		{C63746C8-113A-1C16-D9C7-057CEB238537}.Debug|Any CPU.ActiveCfg = Debug|Any CPU
		{C63746C8-113A-1C16-D9C7-057CEB238537}.Debug|Any CPU.Build.0 = Debug|Any CPU
		{C63746C8-113A-1C16-D9C7-057CEB238537}.Release|Any CPU.ActiveCfg = Release|Any CPU
		{C63746C8-113A-1C16-D9C7-057CEB238537}.Release|Any CPU.Build.0 = Release|Any CPU
		{B0E3FE09-7AC6-BFF5-5BBE-F8B556E24B9D}.Debug|Any CPU.ActiveCfg = Debug|Any CPU
		{B0E3FE09-7AC6-BFF5-5BBE-F8B556E24B9D}.Debug|Any CPU.Build.0 = Debug|Any CPU
		{B0E3FE09-7AC6-BFF5-5BBE-F8B556E24B9D}.Release|Any CPU.ActiveCfg = Release|Any CPU
		{B0E3FE09-7AC6-BFF5-5BBE-F8B556E24B9D}.Release|Any CPU.Build.0 = Release|Any CPU
	EndGlobalSection
	GlobalSection(SolutionProperties) = preSolution
		HideSolutionNode = FALSE
	EndGlobalSection
	GlobalSection(NestedProjects) = preSolution
		{95A485FE-3B6F-63F3-D394-DFB32DC7D7BA} = {EBC02379-7A1A-E1F9-E384-7C4A4B5C6A04}
		{AA85E120-D7BD-417A-7DDA-50B0E9DDDBF9} = {95A485FE-3B6F-63F3-D394-DFB32DC7D7BA}
		{B0E3FE09-7AC6-BFF5-5BBE-F8B556E24B9D} = {AA85E120-D7BD-417A-7DDA-50B0E9DDDBF9}
	EndGlobalSection
	GlobalSection(ExtensibilityGlobals) = postSolution
		SolutionGuid = {B97AFF6F-E6E4-4529-847A-2E12233D2C79}
	EndGlobalSection
EndGlobal
